
Microsoft Visual Studio Solution File, Format Version 12.00
# Visual Studio Version 16
VisualStudioVersion = 16.0.32428.217
MinimumVisualStudioVersion = 10.0.40219.1
Project("{FAE04EC0-301F-11D3-BF4B-00C04F79EFBC}") = "TestePleno", "TestePleno\TestePleno.csproj", "{D11118E8-DE77-478A-A63D-20689AB3C148}"
EndProject
Global
	GlobalSection(SolutionConfigurationPlatforms) = preSolution
		Debug|Any CPU = Debug|Any CPU
		Release|Any CPU = Release|Any CPU
	EndGlobalSection
	GlobalSection(ProjectConfigurationPlatforms) = postSolution
		{D11118E8-DE77-478A-A63D-20689AB3C148}.Debug|Any CPU.ActiveCfg = Debug|Any CPU
		{D11118E8-DE77-478A-A63D-20689AB3C148}.Debug|Any CPU.Build.0 = Debug|Any CPU
		{D11118E8-DE77-478A-A63D-20689AB3C148}.Release|Any CPU.ActiveCfg = Release|Any CPU
		{D11118E8-DE77-478A-A63D-20689AB3C148}.Release|Any CPU.Build.0 = Release|Any CPU
	EndGlobalSection
	GlobalSection(SolutionProperties) = preSolution
		HideSolutionNode = FALSE
	EndGlobalSection
	GlobalSection(ExtensibilityGlobals) = postSolution
		SolutionGuid = {BF0094C4-72F0-43F6-B2C2-EA4AE5FEA5D8}
	EndGlobalSection
EndGlobal
